
Microsoft Visual Studio Solution File, Format Version 12.00
# Visual Studio Version 17
VisualStudioVersion = 17.0.31903.59
MinimumVisualStudioVersion = 10.0.40219.1
Project("{FAE04EC0-301F-11D3-BF4B-00C04F79EFBC}") = "InfraConnect.Api", "InfraConnect.Api\InfraConnect.Api.csproj", "{FA236CE2-A821-432F-97E3-550C6EA0F4DD}"
EndProject
Project("{FAE04EC0-301F-11D3-BF4B-00C04F79EFBC}") = "InfraConnect.Application", "InfraConnect.Application\InfraConnect.Application.csproj", "{C57ECC8B-6CBF-4158-942A-3BE82B3FE800}"
EndProject
Project("{FAE04EC0-301F-11D3-BF4B-00C04F79EFBC}") = "InfraConnect.Domain", "InfraConnect.Domain\InfraConnect.Domain.csproj", "{3F445762-792C-4862-A9DB-2067958C0C68}"
EndProject
Project("{FAE04EC0-301F-11D3-BF4B-00C04F79EFBC}") = "InfraConnect.Infrastructure", "InfraConnect.Infrastructure\InfraConnect.Infrastructure.csproj", "{B44EFE5E-3096-4D2E-8E7A-8134C717022E}"
EndProject
Global
	GlobalSection(SolutionConfigurationPlatforms) = preSolution
		Debug|Any CPU = Debug|Any CPU
		Release|Any CPU = Release|Any CPU
	EndGlobalSection
	GlobalSection(SolutionProperties) = preSolution
		HideSolutionNode = FALSE
	EndGlobalSection
	GlobalSection(ProjectConfigurationPlatforms) = postSolution
		{FA236CE2-A821-432F-97E3-550C6EA0F4DD}.Debug|Any CPU.ActiveCfg = Debug|Any CPU
		{FA236CE2-A821-432F-97E3-550C6EA0F4DD}.Debug|Any CPU.Build.0 = Debug|Any CPU
		{FA236CE2-A821-432F-97E3-550C6EA0F4DD}.Release|Any CPU.ActiveCfg = Release|Any CPU
		{FA236CE2-A821-432F-97E3-550C6EA0F4DD}.Release|Any CPU.Build.0 = Release|Any CPU
		{C57ECC8B-6CBF-4158-942A-3BE82B3FE800}.Debug|Any CPU.ActiveCfg = Debug|Any CPU
		{C57ECC8B-6CBF-4158-942A-3BE82B3FE800}.Debug|Any CPU.Build.0 = Debug|Any CPU
		{C57ECC8B-6CBF-4158-942A-3BE82B3FE800}.Release|Any CPU.ActiveCfg = Release|Any CPU
		{C57ECC8B-6CBF-4158-942A-3BE82B3FE800}.Release|Any CPU.Build.0 = Release|Any CPU
		{3F445762-792C-4862-A9DB-2067958C0C68}.Debug|Any CPU.ActiveCfg = Debug|Any CPU
		{3F445762-792C-4862-A9DB-2067958C0C68}.Debug|Any CPU.Build.0 = Debug|Any CPU
		{3F445762-792C-4862-A9DB-2067958C0C68}.Release|Any CPU.ActiveCfg = Release|Any CPU
		{3F445762-792C-4862-A9DB-2067958C0C68}.Release|Any CPU.Build.0 = Release|Any CPU
		{B44EFE5E-3096-4D2E-8E7A-8134C717022E}.Debug|Any CPU.ActiveCfg = Debug|Any CPU
		{B44EFE5E-3096-4D2E-8E7A-8134C717022E}.Debug|Any CPU.Build.0 = Debug|Any CPU
		{B44EFE5E-3096-4D2E-8E7A-8134C717022E}.Release|Any CPU.ActiveCfg = Release|Any CPU
		{B44EFE5E-3096-4D2E-8E7A-8134C717022E}.Release|Any CPU.Build.0 = Release|Any CPU
	EndGlobalSection
EndGlobal
